
Microsoft Visual Studio Solution File, Format Version 12.00
# Visual Studio 2012
Project("{8BC9CEB8-8B4A-11D0-8D11-00A0C91BC942}") = "SimpleSample_Audio", "SimpleSample_Audio.vcxproj", "{2CF9350D-2D0C-4856-88BC-5F3A86A5B167}"
EndProject
Global
	GlobalSection(SolutionConfigurationPlatforms) = preSolution
		Debug|Win32 = Debug|Win32
		Release|Win32 = Release|Win32
	EndGlobalSection
	GlobalSection(ProjectConfigurationPlatforms) = postSolution
		{2CF9350D-2D0C-4856-88BC-5F3A86A5B167}.Debug|Win32.ActiveCfg = Debug|Win32
		{2CF9350D-2D0C-4856-88BC-5F3A86A5B167}.Debug|Win32.Build.0 = Debug|Win32
		{2CF9350D-2D0C-4856-88BC-5F3A86A5B167}.Release|Win32.ActiveCfg = Release|Win32
		{2CF9350D-2D0C-4856-88BC-5F3A86A5B167}.Release|Win32.Build.0 = Release|Win32
	EndGlobalSection
	GlobalSection(SolutionProperties) = preSolution
		HideSolutionNode = FALSE
	EndGlobalSection
EndGlobal
