<?xml version="1.0" encoding="utf-8"?>
<Project ToolsVersion="4.0" xmlns="http://schemas.microsoft.com/developer/msbuild/2003">
  <ItemGroup>
    <Filter Include="Source Files">
      <UniqueIdentifier>{2ee22e5e-67ce-48c9-a13b-d465ba60f018}</UniqueIdentifier>
      <Extensions>cpp;c;cxx;rc;def;r;odl;idl;hpj;bat</Extensions>
    </Filter>
    <Filter Include="Header Files">
      <UniqueIdentifier>{b6cdfe5c-48c4-4607-94d6-a476aa80ec07}</UniqueIdentifier>
      <Extensions>h;hpp;hxx;hm;inl</Extensions>
    </Filter>
    <Filter Include="Resource Files">
      <UniqueIdentifier>{b4ae27d8-2d6f-4dad-8655-d51f6e21e9fd}</UniqueIdentifier>
      <Extensions>ico;cur;bmp;dlg;rc2;rct;bin;rgs;gif;jpg;jpeg;jpe</Extensions>
    </Filter>
  </ItemGroup>
  <ItemGroup>
    <ClCompile Include="LogDlg.cpp">
      <Filter>Source Files</Filter>
    </ClCompile>
    <ClCompile Include="SampleListener.cpp">
      <Filter>Source Files</Filter>
    </ClCompile>
    <ClCompile Include="SimpleSample_PanasonicAlarm.cpp">
      <Filter>Source Files</Filter>
    </ClCompile>
    <ClCompile Include="SimpleSample_PanasonicAlarmDlg.cpp">
      <Filter>Source Files</Filter>
    </ClCompile>
    <ClCompile Include="StdAfx.cpp">
      <Filter>Source Files</Filter>
    </ClCompile>
  </ItemGroup>
  <ItemGroup>
    <ResourceCompile Include="SimpleSample_PanasonicAlarm.rc">
      <Filter>Source Files</Filter>
    </ResourceCompile>
  </ItemGroup>
  <ItemGroup>
    <ClInclude Include="include\ialarmrcvlistener.h">
      <Filter>Header Files</Filter>
    </ClInclude>
    <ClInclude Include="LogDlg.h">
      <Filter>Header Files</Filter>
    </ClInclude>
    <ClInclude Include="include\psalarmrcv.h">
      <Filter>Header Files</Filter>
    </ClInclude>
    <ClInclude Include="Resource.h">
      <Filter>Header Files</Filter>
    </ClInclude>
    <ClInclude Include="SampleListener.h">
      <Filter>Header Files</Filter>
    </ClInclude>
    <ClInclude Include="SimpleSample_PanasonicAlarm.h">
      <Filter>Header Files</Filter>
    </ClInclude>
    <ClInclude Include="SimpleSample_PanasonicAlarmDlg.h">
      <Filter>Header Files</Filter>
    </ClInclude>
    <ClInclude Include="StdAfx.h">
      <Filter>Header Files</Filter>
    </ClInclude>
  </ItemGroup>
  <ItemGroup>
    <Image Include="res\SimpleSample_PanasonicAlarm.ico">
      <Filter>Resource Files</Filter>
    </Image>
  </ItemGroup>
  <ItemGroup>
    <None Include="res\SimpleSample_PanasonicAlarm.rc2">
      <Filter>Resource Files</Filter>
    </None>
  </ItemGroup>
</Project>