
Microsoft Visual Studio Solution File, Format Version 12.00
# Visual Studio 2012
Project("{F184B08F-C81C-45F6-A57F-5ABD9991F28F}") = "SimpleSample_PSLookup", "SimpleSample_PSLookup.vbproj", "{AAB9228E-0D99-49A9-AD52-DA26050140D8}"
EndProject
Global
	GlobalSection(SolutionConfigurationPlatforms) = preSolution
		Debug|Any CPU = Debug|Any CPU
		Debug|x86 = Debug|x86
		Release|Any CPU = Release|Any CPU
		Release|x86 = Release|x86
	EndGlobalSection
	GlobalSection(ProjectConfigurationPlatforms) = postSolution
		{AAB9228E-0D99-49A9-AD52-DA26050140D8}.Debug|Any CPU.ActiveCfg = Debug|Any CPU
		{AAB9228E-0D99-49A9-AD52-DA26050140D8}.Debug|Any CPU.Build.0 = Debug|Any CPU
		{AAB9228E-0D99-49A9-AD52-DA26050140D8}.Debug|x86.ActiveCfg = Debug|x86
		{AAB9228E-0D99-49A9-AD52-DA26050140D8}.Debug|x86.Build.0 = Debug|x86
		{AAB9228E-0D99-49A9-AD52-DA26050140D8}.Release|Any CPU.ActiveCfg = Release|Any CPU
		{AAB9228E-0D99-49A9-AD52-DA26050140D8}.Release|Any CPU.Build.0 = Release|Any CPU
		{AAB9228E-0D99-49A9-AD52-DA26050140D8}.Release|x86.ActiveCfg = Release|x86
		{AAB9228E-0D99-49A9-AD52-DA26050140D8}.Release|x86.Build.0 = Release|x86
	EndGlobalSection
	GlobalSection(SolutionProperties) = preSolution
		HideSolutionNode = FALSE
	EndGlobalSection
EndGlobal
