
Microsoft Visual Studio Solution File, Format Version 12.00
# Visual Studio 2012
Project("{8BC9CEB8-8B4A-11D0-8D11-00A0C91BC942}") = "SimpleSample_InternetModeLive", "SimpleSample_InternetModeLive.vcxproj", "{C424B5D0-2943-4299-BEBB-4E4B5A625DB3}"
EndProject
Global
	GlobalSection(SolutionConfigurationPlatforms) = preSolution
		Debug|Win32 = Debug|Win32
		Release|Win32 = Release|Win32
	EndGlobalSection
	GlobalSection(ProjectConfigurationPlatforms) = postSolution
		{C424B5D0-2943-4299-BEBB-4E4B5A625DB3}.Debug|Win32.ActiveCfg = Debug|Win32
		{C424B5D0-2943-4299-BEBB-4E4B5A625DB3}.Debug|Win32.Build.0 = Debug|Win32
		{C424B5D0-2943-4299-BEBB-4E4B5A625DB3}.Release|Win32.ActiveCfg = Release|Win32
		{C424B5D0-2943-4299-BEBB-4E4B5A625DB3}.Release|Win32.Build.0 = Release|Win32
	EndGlobalSection
	GlobalSection(SolutionProperties) = preSolution
		HideSolutionNode = FALSE
	EndGlobalSection
EndGlobal
